// !$*UTF8*$!
{
	archiveVersion = 1;
	classes = {
	};
	objectVersion = 50;
	objects = {

/* Begin PBXBuildFile section */
		260413B022AA2C17006AE3EF /* temp.cpp in Sources */ = {isa = PBXBuildFile; fileRef = 260413AF22AA2C17006AE3EF /* temp.cpp */; };
		260413B322AA421F006AE3EF /* game.cpp in Sources */ = {isa = PBXBuildFile; fileRef = 260413B122AA421F006AE3EF /* game.cpp */; };
		260413BA22AA5A88006AE3EF /* state_machine.cpp in Sources */ = {isa = PBXBuildFile; fileRef = 260413B822AA5A88006AE3EF /* state_machine.cpp */; };
		260777C922AF786B00105BDD /* main_state.cpp in Sources */ = {isa = PBXBuildFile; fileRef = 260777C722AF786B00105BDD /* main_state.cpp */; };
		26E03C43229522620055F32A /* main.cpp in Sources */ = {isa = PBXBuildFile; fileRef = 26E03C42229522620055F32A /* main.cpp */; };
		26E03C45229523270055F32A /* Resources in CopyFiles */ = {isa = PBXBuildFile; fileRef = 26E03C3F229522160055F32A /* Resources */; };
		26E03C4C229523A50055F32A /* libsfml-network.2.5.1.dylib in Frameworks */ = {isa = PBXBuildFile; fileRef = 26E03C47229523A40055F32A /* libsfml-network.2.5.1.dylib */; };
		26E03C4D229523A50055F32A /* libsfml-graphics.2.5.1.dylib in Frameworks */ = {isa = PBXBuildFile; fileRef = 26E03C48229523A50055F32A /* libsfml-graphics.2.5.1.dylib */; };
		26E03C4E229523A50055F32A /* libsfml-system.2.5.1.dylib in Frameworks */ = {isa = PBXBuildFile; fileRef = 26E03C49229523A50055F32A /* libsfml-system.2.5.1.dylib */; };
		26E03C4F229523A50055F32A /* libsfml-audio.2.5.1.dylib in Frameworks */ = {isa = PBXBuildFile; fileRef = 26E03C4A229523A50055F32A /* libsfml-audio.2.5.1.dylib */; };
		26E03C50229523A50055F32A /* libsfml-window.2.5.1.dylib in Frameworks */ = {isa = PBXBuildFile; fileRef = 26E03C4B229523A50055F32A /* libsfml-window.2.5.1.dylib */; };
/* End PBXBuildFile section */

/* Begin PBXCopyFilesBuildPhase section */
		268370BB2295216B00AE6662 /* CopyFiles */ = {
			isa = PBXCopyFilesBuildPhase;
			buildActionMask = 2147483647;
			dstPath = /usr/share/man/man1/;
			dstSubfolderSpec = 0;
			files = (
			);
			runOnlyForDeploymentPostprocessing = 1;
		};
		26E03C442295231E0055F32A /* CopyFiles */ = {
			isa = PBXCopyFilesBuildPhase;
			buildActionMask = 2147483647;
			dstPath = "";
			dstSubfolderSpec = 7;
			files = (
				26E03C45229523270055F32A /* Resources in CopyFiles */,
			);
			runOnlyForDeploymentPostprocessing = 0;
		};
/* End PBXCopyFilesBuildPhase section */

/* Begin PBXFileReference section */
		260413AF22AA2C17006AE3EF /* temp.cpp */ = {isa = PBXFileReference; lastKnownFileType = sourcecode.cpp.cpp; path = temp.cpp; sourceTree = "<group>"; };
		260413B122AA421F006AE3EF /* game.cpp */ = {isa = PBXFileReference; lastKnownFileType = sourcecode.cpp.cpp; path = game.cpp; sourceTree = "<group>"; };
		260413B222AA421F006AE3EF /* game.hpp */ = {isa = PBXFileReference; lastKnownFileType = sourcecode.cpp.h; path = game.hpp; sourceTree = "<group>"; };
		260413B422AA4D05006AE3EF /* constants.hpp */ = {isa = PBXFileReference; lastKnownFileType = sourcecode.cpp.h; path = constants.hpp; sourceTree = "<group>"; };
		260413B722AA5A65006AE3EF /* state.h */ = {isa = PBXFileReference; lastKnownFileType = sourcecode.c.h; path = state.h; sourceTree = "<group>"; };
		260413B822AA5A88006AE3EF /* state_machine.cpp */ = {isa = PBXFileReference; lastKnownFileType = sourcecode.cpp.cpp; path = state_machine.cpp; sourceTree = "<group>"; };
		260413B922AA5A88006AE3EF /* state_machine.hpp */ = {isa = PBXFileReference; lastKnownFileType = sourcecode.cpp.h; path = state_machine.hpp; sourceTree = "<group>"; };
		260777C722AF786B00105BDD /* main_state.cpp */ = {isa = PBXFileReference; lastKnownFileType = sourcecode.cpp.cpp; path = main_state.cpp; sourceTree = "<group>"; };
		260777C822AF786B00105BDD /* main_state.hpp */ = {isa = PBXFileReference; lastKnownFileType = sourcecode.cpp.h; path = main_state.hpp; sourceTree = "<group>"; };
		268370BD2295216B00AE6662 /* Proof of Concept */ = {isa = PBXFileReference; explicitFileType = "compiled.mach-o.executable"; includeInIndex = 0; path = "Proof of Concept"; sourceTree = BUILT_PRODUCTS_DIR; };
		26E03C3F229522160055F32A /* Resources */ = {isa = PBXFileReference; lastKnownFileType = folder; path = Resources; sourceTree = "<group>"; };
		26E03C42229522620055F32A /* main.cpp */ = {isa = PBXFileReference; fileEncoding = 4; lastKnownFileType = sourcecode.cpp.cpp; path = main.cpp; sourceTree = "<group>"; };
		26E03C47229523A40055F32A /* libsfml-network.2.5.1.dylib */ = {isa = PBXFileReference; lastKnownFileType = "compiled.mach-o.dylib"; name = "libsfml-network.2.5.1.dylib"; path = "Libraries Mac/SFML/lib/libsfml-network.2.5.1.dylib"; sourceTree = "<group>"; };
		26E03C48229523A50055F32A /* libsfml-graphics.2.5.1.dylib */ = {isa = PBXFileReference; lastKnownFileType = "compiled.mach-o.dylib"; name = "libsfml-graphics.2.5.1.dylib"; path = "Libraries Mac/SFML/lib/libsfml-graphics.2.5.1.dylib"; sourceTree = "<group>"; };
		26E03C49229523A50055F32A /* libsfml-system.2.5.1.dylib */ = {isa = PBXFileReference; lastKnownFileType = "compiled.mach-o.dylib"; name = "libsfml-system.2.5.1.dylib"; path = "Libraries Mac/SFML/lib/libsfml-system.2.5.1.dylib"; sourceTree = "<group>"; };
		26E03C4A229523A50055F32A /* libsfml-audio.2.5.1.dylib */ = {isa = PBXFileReference; lastKnownFileType = "compiled.mach-o.dylib"; name = "libsfml-audio.2.5.1.dylib"; path = "Libraries Mac/SFML/lib/libsfml-audio.2.5.1.dylib"; sourceTree = "<group>"; };
		26E03C4B229523A50055F32A /* libsfml-window.2.5.1.dylib */ = {isa = PBXFileReference; lastKnownFileType = "compiled.mach-o.dylib"; name = "libsfml-window.2.5.1.dylib"; path = "Libraries Mac/SFML/lib/libsfml-window.2.5.1.dylib"; sourceTree = "<group>"; };
/* End PBXFileReference section */

/* Begin PBXFrameworksBuildPhase section */
		268370BA2295216B00AE6662 /* Frameworks */ = {
			isa = PBXFrameworksBuildPhase;
			buildActionMask = 2147483647;
			files = (
				26E03C4C229523A50055F32A /* libsfml-network.2.5.1.dylib in Frameworks */,
				26E03C4D229523A50055F32A /* libsfml-graphics.2.5.1.dylib in Frameworks */,
				26E03C4E229523A50055F32A /* libsfml-system.2.5.1.dylib in Frameworks */,
				26E03C4F229523A50055F32A /* libsfml-audio.2.5.1.dylib in Frameworks */,
				26E03C50229523A50055F32A /* libsfml-window.2.5.1.dylib in Frameworks */,
			);
			runOnlyForDeploymentPostprocessing = 0;
		};
/* End PBXFrameworksBuildPhase section */

/* Begin PBXGroup section */
		260413B522AA5243006AE3EF /* game */ = {
			isa = PBXGroup;
			children = (
				260413B222AA421F006AE3EF /* game.hpp */,
				260413B122AA421F006AE3EF /* game.cpp */,
			);
			path = game;
			sourceTree = "<group>";
		};
		260413B622AA5A3D006AE3EF /* state_machine */ = {
			isa = PBXGroup;
			children = (
				260413B722AA5A65006AE3EF /* state.h */,
				260413B922AA5A88006AE3EF /* state_machine.hpp */,
				260413B822AA5A88006AE3EF /* state_machine.cpp */,
				260777C822AF786B00105BDD /* main_state.hpp */,
				260777C722AF786B00105BDD /* main_state.cpp */,
			);
			path = state_machine;
			sourceTree = "<group>";
		};
		268370B42295216B00AE6662 = {
			isa = PBXGroup;
			children = (
				26E03C3F229522160055F32A /* Resources */,
				268370BF2295216B00AE6662 /* Proof of Concept */,
				268370BE2295216B00AE6662 /* Products */,
				26E03C46229523A40055F32A /* Frameworks */,
			);
			sourceTree = "<group>";
		};
		268370BE2295216B00AE6662 /* Products */ = {
			isa = PBXGroup;
			children = (
				268370BD2295216B00AE6662 /* Proof of Concept */,
			);
			name = Products;
			sourceTree = "<group>";
		};
		268370BF2295216B00AE6662 /* Proof of Concept */ = {
			isa = PBXGroup;
			children = (
				26E03C41229522620055F32A /* Sources */,
			);
			path = "Proof of Concept";
			sourceTree = "<group>";
		};
		26E03C41229522620055F32A /* Sources */ = {
			isa = PBXGroup;
			children = (
				260413B622AA5A3D006AE3EF /* state_machine */,
				260413B422AA4D05006AE3EF /* constants.hpp */,
				26E03C42229522620055F32A /* main.cpp */,
				260413AF22AA2C17006AE3EF /* temp.cpp */,
				260413B522AA5243006AE3EF /* game */,
			);
			path = Sources;
			sourceTree = "<group>";
		};
		26E03C46229523A40055F32A /* Frameworks */ = {
			isa = PBXGroup;
			children = (
				26E03C4A229523A50055F32A /* libsfml-audio.2.5.1.dylib */,
				26E03C48229523A50055F32A /* libsfml-graphics.2.5.1.dylib */,
				26E03C47229523A40055F32A /* libsfml-network.2.5.1.dylib */,
				26E03C49229523A50055F32A /* libsfml-system.2.5.1.dylib */,
				26E03C4B229523A50055F32A /* libsfml-window.2.5.1.dylib */,
			);
			name = Frameworks;
			sourceTree = "<group>";
		};
/* End PBXGroup section */

/* Begin PBXNativeTarget section */
		268370BC2295216B00AE6662 /* Proof of Concept */ = {
			isa = PBXNativeTarget;
			buildConfigurationList = 268370C42295216B00AE6662 /* Build configuration list for PBXNativeTarget "Proof of Concept" */;
			buildPhases = (
				268370B92295216B00AE6662 /* Sources */,
				268370BA2295216B00AE6662 /* Frameworks */,
				268370BB2295216B00AE6662 /* CopyFiles */,
				26E03C442295231E0055F32A /* CopyFiles */,
			);
			buildRules = (
			);
			dependencies = (
			);
			name = "Proof of Concept";
			productName = "Proof of Concept";
			productReference = 268370BD2295216B00AE6662 /* Proof of Concept */;
			productType = "com.apple.product-type.tool";
		};
/* End PBXNativeTarget section */

/* Begin PBXProject section */
		268370B52295216B00AE6662 /* Project object */ = {
			isa = PBXProject;
			attributes = {
				LastUpgradeCheck = 1020;
				ORGANIZATIONNAME = Subph;
				TargetAttributes = {
					268370BC2295216B00AE6662 = {
						CreatedOnToolsVersion = 10.2.1;
					};
				};
			};
			buildConfigurationList = 268370B82295216B00AE6662 /* Build configuration list for PBXProject "Proof of Concept" */;
			compatibilityVersion = "Xcode 9.3";
			developmentRegion = en;
			hasScannedForEncodings = 0;
			knownRegions = (
				en,
			);
			mainGroup = 268370B42295216B00AE6662;
			productRefGroup = 268370BE2295216B00AE6662 /* Products */;
			projectDirPath = "";
			projectRoot = "";
			targets = (
				268370BC2295216B00AE6662 /* Proof of Concept */,
			);
		};
/* End PBXProject section */

/* Begin PBXSourcesBuildPhase section */
		268370B92295216B00AE6662 /* Sources */ = {
			isa = PBXSourcesBuildPhase;
			buildActionMask = 2147483647;
			files = (
				260413B322AA421F006AE3EF /* game.cpp in Sources */,
				26E03C43229522620055F32A /* main.cpp in Sources */,
				260413B022AA2C17006AE3EF /* temp.cpp in Sources */,
				260777C922AF786B00105BDD /* main_state.cpp in Sources */,
				260413BA22AA5A88006AE3EF /* state_machine.cpp in Sources */,
			);
			runOnlyForDeploymentPostprocessing = 0;
		};
/* End PBXSourcesBuildPhase section */

/* Begin XCBuildConfiguration section */
		268370C22295216B00AE6662 /* Debug */ = {
			isa = XCBuildConfiguration;
			buildSettings = {
				ALWAYS_SEARCH_USER_PATHS = NO;
				CLANG_ANALYZER_NONNULL = YES;
				CLANG_ANALYZER_NUMBER_OBJECT_CONVERSION = YES_AGGRESSIVE;
				CLANG_CXX_LANGUAGE_STANDARD = "gnu++14";
				CLANG_CXX_LIBRARY = "libc++";
				CLANG_ENABLE_MODULES = YES;
				CLANG_ENABLE_OBJC_ARC = YES;
				CLANG_ENABLE_OBJC_WEAK = YES;
				CLANG_WARN_BLOCK_CAPTURE_AUTORELEASING = YES;
				CLANG_WARN_BOOL_CONVERSION = YES;
				CLANG_WARN_COMMA = YES;
				CLANG_WARN_CONSTANT_CONVERSION = YES;
				CLANG_WARN_DEPRECATED_OBJC_IMPLEMENTATIONS = YES;
				CLANG_WARN_DIRECT_OBJC_ISA_USAGE = YES_ERROR;
				CLANG_WARN_DOCUMENTATION_COMMENTS = YES;
				CLANG_WARN_EMPTY_BODY = YES;
				CLANG_WARN_ENUM_CONVERSION = YES;
				CLANG_WARN_INFINITE_RECURSION = YES;
				CLANG_WARN_INT_CONVERSION = YES;
				CLANG_WARN_NON_LITERAL_NULL_CONVERSION = YES;
				CLANG_WARN_OBJC_IMPLICIT_RETAIN_SELF = YES;
				CLANG_WARN_OBJC_LITERAL_CONVERSION = YES;
				CLANG_WARN_OBJC_ROOT_CLASS = YES_ERROR;
				CLANG_WARN_RANGE_LOOP_ANALYSIS = YES;
				CLANG_WARN_STRICT_PROTOTYPES = YES;
				CLANG_WARN_SUSPICIOUS_MOVE = YES;
				CLANG_WARN_UNGUARDED_AVAILABILITY = YES_AGGRESSIVE;
				CLANG_WARN_UNREACHABLE_CODE = YES;
				CLANG_WARN__DUPLICATE_METHOD_MATCH = YES;
				CODE_SIGN_IDENTITY = "Mac Developer";
				COPY_PHASE_STRIP = NO;
				DEBUG_INFORMATION_FORMAT = dwarf;
				ENABLE_STRICT_OBJC_MSGSEND = YES;
				ENABLE_TESTABILITY = YES;
				GCC_C_LANGUAGE_STANDARD = gnu11;
				GCC_DYNAMIC_NO_PIC = NO;
				GCC_NO_COMMON_BLOCKS = YES;
				GCC_OPTIMIZATION_LEVEL = 0;
				GCC_PREPROCESSOR_DEFINITIONS = (
					"DEBUG=1",
					"$(inherited)",
				);
				GCC_WARN_64_TO_32_BIT_CONVERSION = YES;
				GCC_WARN_ABOUT_RETURN_TYPE = YES_ERROR;
				GCC_WARN_UNDECLARED_SELECTOR = YES;
				GCC_WARN_UNINITIALIZED_AUTOS = YES_AGGRESSIVE;
				GCC_WARN_UNUSED_FUNCTION = YES;
				GCC_WARN_UNUSED_VARIABLE = YES;
				MACOSX_DEPLOYMENT_TARGET = 10.14;
				MTL_ENABLE_DEBUG_INFO = INCLUDE_SOURCE;
				MTL_FAST_MATH = YES;
				ONLY_ACTIVE_ARCH = YES;
				SDKROOT = macosx;
			};
			name = Debug;
		};
		268370C32295216B00AE6662 /* Release */ = {
			isa = XCBuildConfiguration;
			buildSettings = {
				ALWAYS_SEARCH_USER_PATHS = NO;
				CLANG_ANALYZER_NONNULL = YES;
				CLANG_ANALYZER_NUMBER_OBJECT_CONVERSION = YES_AGGRESSIVE;
				CLANG_CXX_LANGUAGE_STANDARD = "gnu++14";
				CLANG_CXX_LIBRARY = "libc++";
				CLANG_ENABLE_MODULES = YES;
				CLANG_ENABLE_OBJC_ARC = YES;
				CLANG_ENABLE_OBJC_WEAK = YES;
				CLANG_WARN_BLOCK_CAPTURE_AUTORELEASING = YES;
				CLANG_WARN_BOOL_CONVERSION = YES;
				CLANG_WARN_COMMA = YES;
				CLANG_WARN_CONSTANT_CONVERSION = YES;
				CLANG_WARN_DEPRECATED_OBJC_IMPLEMENTATIONS = YES;
				CLANG_WARN_DIRECT_OBJC_ISA_USAGE = YES_ERROR;
				CLANG_WARN_DOCUMENTATION_COMMENTS = YES;
				CLANG_WARN_EMPTY_BODY = YES;
				CLANG_WARN_ENUM_CONVERSION = YES;
				CLANG_WARN_INFINITE_RECURSION = YES;
				CLANG_WARN_INT_CONVERSION = YES;
				CLANG_WARN_NON_LITERAL_NULL_CONVERSION = YES;
				CLANG_WARN_OBJC_IMPLICIT_RETAIN_SELF = YES;
				CLANG_WARN_OBJC_LITERAL_CONVERSION = YES;
				CLANG_WARN_OBJC_ROOT_CLASS = YES_ERROR;
				CLANG_WARN_RANGE_LOOP_ANALYSIS = YES;
				CLANG_WARN_STRICT_PROTOTYPES = YES;
				CLANG_WARN_SUSPICIOUS_MOVE = YES;
				CLANG_WARN_UNGUARDED_AVAILABILITY = YES_AGGRESSIVE;
				CLANG_WARN_UNREACHABLE_CODE = YES;
				CLANG_WARN__DUPLICATE_METHOD_MATCH = YES;
				CODE_SIGN_IDENTITY = "Mac Developer";
				COPY_PHASE_STRIP = NO;
				DEBUG_INFORMATION_FORMAT = "dwarf-with-dsym";
				ENABLE_NS_ASSERTIONS = NO;
				ENABLE_STRICT_OBJC_MSGSEND = YES;
				GCC_C_LANGUAGE_STANDARD = gnu11;
				GCC_NO_COMMON_BLOCKS = YES;
				GCC_WARN_64_TO_32_BIT_CONVERSION = YES;
				GCC_WARN_ABOUT_RETURN_TYPE = YES_ERROR;
				GCC_WARN_UNDECLARED_SELECTOR = YES;
				GCC_WARN_UNINITIALIZED_AUTOS = YES_AGGRESSIVE;
				GCC_WARN_UNUSED_FUNCTION = YES;
				GCC_WARN_UNUSED_VARIABLE = YES;
				MACOSX_DEPLOYMENT_TARGET = 10.14;
				MTL_ENABLE_DEBUG_INFO = NO;
				MTL_FAST_MATH = YES;
				SDKROOT = macosx;
			};
			name = Release;
		};
		268370C52295216B00AE6662 /* Debug */ = {
			isa = XCBuildConfiguration;
			buildSettings = {
				CODE_SIGN_STYLE = Automatic;
				DEVELOPMENT_TEAM = 78ZW2C9N3C;
				HEADER_SEARCH_PATHS = "\"$(SRCROOT)/Libraries Mac/SFML/include\"";
				LIBRARY_SEARCH_PATHS = (
					"\"$(SRCROOT)/Libraries Mac/SFML/lib\"",
					"$(PROJECT_DIR)/Libraries\\ Mac/SFML/lib",
					"$(PROJECT_DIR)/Libraries\\ Mac/SFML/lib",
					"$(PROJECT_DIR)/Libraries\\ Mac/SFML/lib",
					"$(PROJECT_DIR)/Libraries\\ Mac/SFML/lib",
					"$(PROJECT_DIR)/Libraries\\ Mac/SFML/lib",
				);
				PRODUCT_NAME = "$(TARGET_NAME)";
			};
			name = Debug;
		};
		268370C62295216B00AE6662 /* Release */ = {
			isa = XCBuildConfiguration;
			buildSettings = {
				CODE_SIGN_STYLE = Automatic;
				DEVELOPMENT_TEAM = 78ZW2C9N3C;
				HEADER_SEARCH_PATHS = "\"$(SRCROOT)/Libraries Mac/SFML/include\"";
				LIBRARY_SEARCH_PATHS = (
					"\"$(SRCROOT)/Libraries Mac/SFML/lib\"",
					"$(PROJECT_DIR)/Libraries\\ Mac/SFML/lib",
					"$(PROJECT_DIR)/Libraries\\ Mac/SFML/lib",
					"$(PROJECT_DIR)/Libraries\\ Mac/SFML/lib",
					"$(PROJECT_DIR)/Libraries\\ Mac/SFML/lib",
					"$(PROJECT_DIR)/Libraries\\ Mac/SFML/lib",
				);
				PRODUCT_NAME = "$(TARGET_NAME)";
			};
			name = Release;
		};
/* End XCBuildConfiguration section */

/* Begin XCConfigurationList section */
		268370B82295216B00AE6662 /* Build configuration list for PBXProject "Proof of Concept" */ = {
			isa = XCConfigurationList;
			buildConfigurations = (
				268370C22295216B00AE6662 /* Debug */,
				268370C32295216B00AE6662 /* Release */,
			);
			defaultConfigurationIsVisible = 0;
			defaultConfigurationName = Release;
		};
		268370C42295216B00AE6662 /* Build configuration list for PBXNativeTarget "Proof of Concept" */ = {
			isa = XCConfigurationList;
			buildConfigurations = (
				268370C52295216B00AE6662 /* Debug */,
				268370C62295216B00AE6662 /* Release */,
			);
			defaultConfigurationIsVisible = 0;
			defaultConfigurationName = Release;
		};
/* End XCConfigurationList section */
	};
	rootObject = 268370B52295216B00AE6662 /* Project object */;
}
